
Microsoft Visual Studio Solution File, Format Version 12.00
# Visual Studio Version 16
VisualStudioVersion = 16.0.30621.155
MinimumVisualStudioVersion = 10.0.40219.1
Project("{FAE04EC0-301F-11D3-BF4B-00C04F79EFBC}") = "VSIX_OneKeyDeploy", "VSIX_OneKeyDeploy\VSIX_OneKeyDeploy.csproj", "{537A1C96-1DF4-43B7-AA4C-ED6B89DF66F9}"
EndProject
Global
	GlobalSection(SolutionConfigurationPlatforms) = preSolution
		Debug|Any CPU = Debug|Any CPU
		Release|Any CPU = Release|Any CPU
	EndGlobalSection
	GlobalSection(ProjectConfigurationPlatforms) = postSolution
		{537A1C96-1DF4-43B7-AA4C-ED6B89DF66F9}.Debug|Any CPU.ActiveCfg = Debug|Any CPU
		{537A1C96-1DF4-43B7-AA4C-ED6B89DF66F9}.Debug|Any CPU.Build.0 = Debug|Any CPU
		{537A1C96-1DF4-43B7-AA4C-ED6B89DF66F9}.Release|Any CPU.ActiveCfg = Release|Any CPU
		{537A1C96-1DF4-43B7-AA4C-ED6B89DF66F9}.Release|Any CPU.Build.0 = Release|Any CPU
	EndGlobalSection
	GlobalSection(SolutionProperties) = preSolution
		HideSolutionNode = FALSE
	EndGlobalSection
	GlobalSection(ExtensibilityGlobals) = postSolution
		SolutionGuid = {DD6FEB2A-690B-462A-81ED-DDA6CFBA460F}
	EndGlobalSection
EndGlobal
